
Microsoft Visual Studio Solution File, Format Version 12.00
# Visual Studio Version 16
VisualStudioVersion = 16.0.30711.63
MinimumVisualStudioVersion = 10.0.40219.1
Project("{FAE04EC0-301F-11D3-BF4B-00C04F79EFBC}") = "Day5", "Day5\Day5.csproj", "{D45E56EF-EAA8-450E-9A4C-CC4469998A26}"
EndProject
Global
	GlobalSection(SolutionConfigurationPlatforms) = preSolution
		Debug|Any CPU = Debug|Any CPU
		Release|Any CPU = Release|Any CPU
	EndGlobalSection
	GlobalSection(ProjectConfigurationPlatforms) = postSolution
		{D45E56EF-EAA8-450E-9A4C-CC4469998A26}.Debug|Any CPU.ActiveCfg = Debug|Any CPU
		{D45E56EF-EAA8-450E-9A4C-CC4469998A26}.Debug|Any CPU.Build.0 = Debug|Any CPU
		{D45E56EF-EAA8-450E-9A4C-CC4469998A26}.Release|Any CPU.ActiveCfg = Release|Any CPU
		{D45E56EF-EAA8-450E-9A4C-CC4469998A26}.Release|Any CPU.Build.0 = Release|Any CPU
	EndGlobalSection
	GlobalSection(SolutionProperties) = preSolution
		HideSolutionNode = FALSE
	EndGlobalSection
	GlobalSection(ExtensibilityGlobals) = postSolution
		SolutionGuid = {F452902A-9D6E-46BD-87A8-1E052329C727}
	EndGlobalSection
EndGlobal
